
Microsoft Visual Studio Solution File, Format Version 12.00
# Visual Studio Version 16
VisualStudioVersion = 16.0.29911.84
MinimumVisualStudioVersion = 10.0.40219.1
Project("{FAE04EC0-301F-11D3-BF4B-00C04F79EFBC}") = "AzureActiveDirectoryIntegration.Web", "AzureActiveDirectoryIntegration.Web\AzureActiveDirectoryIntegration.Web.csproj", "{61E99C74-56B9-441A-8D36-3898772872C9}"
EndProject
Global
	GlobalSection(SolutionConfigurationPlatforms) = preSolution
		Debug|Any CPU = Debug|Any CPU
		Release|Any CPU = Release|Any CPU
	EndGlobalSection
	GlobalSection(ProjectConfigurationPlatforms) = postSolution
		{61E99C74-56B9-441A-8D36-3898772872C9}.Debug|Any CPU.ActiveCfg = Debug|Any CPU
		{61E99C74-56B9-441A-8D36-3898772872C9}.Debug|Any CPU.Build.0 = Debug|Any CPU
		{61E99C74-56B9-441A-8D36-3898772872C9}.Release|Any CPU.ActiveCfg = Release|Any CPU
		{61E99C74-56B9-441A-8D36-3898772872C9}.Release|Any CPU.Build.0 = Release|Any CPU
	EndGlobalSection
	GlobalSection(SolutionProperties) = preSolution
		HideSolutionNode = FALSE
	EndGlobalSection
	GlobalSection(ExtensibilityGlobals) = postSolution
		SolutionGuid = {A66807CE-9EBA-4AA2-9F7B-DDCB3A38AE46}
	EndGlobalSection
EndGlobal
